{
  "name": "Merci",
  "lockfileVersion": 2,
  "requires": true,
  "packages": {
    "": {
      "dependencies": {
        "rive-react-native": "^2.1.36"
      }
    },
    "node_modules/js-tokens": {
      "version": "4.0.0",
      "license": "MIT",
      "peer": true
    },
    "node_modules/loose-envify": {
      "version": "1.4.0",
      "license": "MIT",
      "peer": true,
      "dependencies": {
        "js-tokens": "^3.0.0 || ^4.0.0"
      },
      "bin": {
        "loose-envify": "cli.js"
      }
    },
    "node_modules/object-assign": {
      "version": "4.1.1",
      "license": "MIT",
      "peer": true,
      "engines": {
        "node": ">=0.10.0"
      }
    },
    "node_modules/react": {
      "version": "17.0.2",
      "license": "MIT",
      "peer": true,
      "dependencies": {
        "loose-envify": "^1.1.0",
        "object-assign": "^4.1.1"
      },
      "engines": {
        "node": ">=0.10.0"
      }
    },
    "node_modules/react-native": {
      "peer": true
    },
    "node_modules/rive-react-native": {
      "version": "2.1.36",
      "resolved": "https://registry.npmjs.org/rive-react-native/-/rive-react-native-2.1.36.tgz",
      "integrity": "sha512-n73BC3Se+m6Fj6o+zlg1CnfGatNq3/dJEWg0XCy4iJRm6IiGY8W89CNESGbn25E1kgKUhoBZLga5EnkVxD1yFw==",
      "peerDependencies": {
        "react": "*",
        "react-native": "*"
      }
    }
  },
  "dependencies": {
    "js-tokens": {
      "version": "4.0.0",
      "peer": true
    },
    "loose-envify": {
      "version": "1.4.0",
      "peer": true,
      "requires": {
        "js-tokens": "^3.0.0 || ^4.0.0"
      }
    },
    "object-assign": {
      "version": "4.1.1",
      "peer": true
    },
    "react": {
      "version": "17.0.2",
      "peer": true,
      "requires": {
        "loose-envify": "^1.1.0",
        "object-assign": "^4.1.1"
      }
    },
    "react-native": {
      "peer": true
    },
    "rive-react-native": {
      "version": "2.1.36",
      "resolved": "https://registry.npmjs.org/rive-react-native/-/rive-react-native-2.1.36.tgz",
      "integrity": "sha512-n73BC3Se+m6Fj6o+zlg1CnfGatNq3/dJEWg0XCy4iJRm6IiGY8W89CNESGbn25E1kgKUhoBZLga5EnkVxD1yFw==",
      "requires": {}
    }
  }
}
